// !$*UTF8*$!
{
	archiveVersion = 1;
	classes = {
	};
	objectVersion = 46;
	objects = {

/* Begin PBXBuildFile section */
		3B99218952002C7B262CE70A /* libPods-VRBoilerplate.a in Frameworks */ = {isa = PBXBuildFile; fileRef = 7B44388607F0E6A7429FE7AA /* libPods-VRBoilerplate.a */; };
		E6D67C731CEDA76A00D9F9E9 /* AppDelegate.swift in Sources */ = {isa = PBXBuildFile; fileRef = E6D67C721CEDA76A00D9F9E9 /* AppDelegate.swift */; };
		E6D67C751CEDA76A00D9F9E9 /* ViewController.swift in Sources */ = {isa = PBXBuildFile; fileRef = E6D67C741CEDA76A00D9F9E9 /* ViewController.swift */; };
		E6D67C7A1CEDA76A00D9F9E9 /* Assets.xcassets in Resources */ = {isa = PBXBuildFile; fileRef = E6D67C791CEDA76A00D9F9E9 /* Assets.xcassets */; };
		E6D67C7D1CEDA76A00D9F9E9 /* LaunchScreen.storyboard in Resources */ = {isa = PBXBuildFile; fileRef = E6D67C7B1CEDA76A00D9F9E9 /* LaunchScreen.storyboard */; };
		E6D67C851CEDC6C900D9F9E9 /* SceneKitVRRenderer.swift in Sources */ = {isa = PBXBuildFile; fileRef = E6D67C841CEDC6C900D9F9E9 /* SceneKitVRRenderer.swift */; };
		E6D67C881CEDC87E00D9F9E9 /* RenderLoop.swift in Sources */ = {isa = PBXBuildFile; fileRef = E6D67C871CEDC87E00D9F9E9 /* RenderLoop.swift */; };
		E6D67C8D1CEDFF8300D9F9E9 /* VRControllerSwift.swift in Sources */ = {isa = PBXBuildFile; fileRef = E6D67C8C1CEDFF8300D9F9E9 /* VRControllerSwift.swift */; };
		E6D67C931CEE145900D9F9E9 /* VRControllerObjC.m in Sources */ = {isa = PBXBuildFile; fileRef = E6D67C921CEE145900D9F9E9 /* VRControllerObjC.m */; };
		E6D67CF81CF0A59200D9F9E9 /* HeadTransformExtension.swift in Sources */ = {isa = PBXBuildFile; fileRef = E6D67CF71CF0A59200D9F9E9 /* HeadTransformExtension.swift */; };
		E6D67CFB1CF2E4E900D9F9E9 /* LICENSE in Resources */ = {isa = PBXBuildFile; fileRef = E6D67CFA1CF2E4E900D9F9E9 /* LICENSE */; };
/* End PBXBuildFile section */

/* Begin PBXFileReference section */
		016D3AC424AF5CD038D5B001 /* Pods-VRBoilerplate.release.xcconfig */ = {isa = PBXFileReference; includeInIndex = 1; lastKnownFileType = text.xcconfig; name = "Pods-VRBoilerplate.release.xcconfig"; path = "Pods/Target Support Files/Pods-VRBoilerplate/Pods-VRBoilerplate.release.xcconfig"; sourceTree = "<group>"; };
		760A4B47E60361A6E05DBC73 /* Pods-VRBoilerplate.debug.xcconfig */ = {isa = PBXFileReference; includeInIndex = 1; lastKnownFileType = text.xcconfig; name = "Pods-VRBoilerplate.debug.xcconfig"; path = "Pods/Target Support Files/Pods-VRBoilerplate/Pods-VRBoilerplate.debug.xcconfig"; sourceTree = "<group>"; };
		7B44388607F0E6A7429FE7AA /* libPods-VRBoilerplate.a */ = {isa = PBXFileReference; explicitFileType = archive.ar; includeInIndex = 0; path = "libPods-VRBoilerplate.a"; sourceTree = BUILT_PRODUCTS_DIR; };
		E6D67C6F1CEDA76A00D9F9E9 /* VRBoilerplate.app */ = {isa = PBXFileReference; explicitFileType = wrapper.application; includeInIndex = 0; path = VRBoilerplate.app; sourceTree = BUILT_PRODUCTS_DIR; };
		E6D67C721CEDA76A00D9F9E9 /* AppDelegate.swift */ = {isa = PBXFileReference; lastKnownFileType = sourcecode.swift; lineEnding = 0; path = AppDelegate.swift; sourceTree = "<group>"; xcLanguageSpecificationIdentifier = xcode.lang.swift; };
		E6D67C741CEDA76A00D9F9E9 /* ViewController.swift */ = {isa = PBXFileReference; lastKnownFileType = sourcecode.swift; path = ViewController.swift; sourceTree = "<group>"; };
		E6D67C791CEDA76A00D9F9E9 /* Assets.xcassets */ = {isa = PBXFileReference; lastKnownFileType = folder.assetcatalog; path = Assets.xcassets; sourceTree = "<group>"; };
		E6D67C7C1CEDA76A00D9F9E9 /* Base */ = {isa = PBXFileReference; lastKnownFileType = file.storyboard; name = Base; path = Base.lproj/LaunchScreen.storyboard; sourceTree = "<group>"; };
		E6D67C7E1CEDA76A00D9F9E9 /* Info.plist */ = {isa = PBXFileReference; lastKnownFileType = text.plist.xml; path = Info.plist; sourceTree = "<group>"; };
		E6D67C841CEDC6C900D9F9E9 /* SceneKitVRRenderer.swift */ = {isa = PBXFileReference; fileEncoding = 4; lastKnownFileType = sourcecode.swift; lineEnding = 0; path = SceneKitVRRenderer.swift; sourceTree = "<group>"; xcLanguageSpecificationIdentifier = xcode.lang.swift; };
		E6D67C861CEDC76D00D9F9E9 /* VRBoilerplate-Bridging-Header.h */ = {isa = PBXFileReference; lastKnownFileType = sourcecode.c.h; lineEnding = 0; path = "VRBoilerplate-Bridging-Header.h"; sourceTree = "<group>"; xcLanguageSpecificationIdentifier = xcode.lang.objcpp; };
		E6D67C871CEDC87E00D9F9E9 /* RenderLoop.swift */ = {isa = PBXFileReference; fileEncoding = 4; lastKnownFileType = sourcecode.swift; path = RenderLoop.swift; sourceTree = "<group>"; };
		E6D67C8C1CEDFF8300D9F9E9 /* VRControllerSwift.swift */ = {isa = PBXFileReference; fileEncoding = 4; lastKnownFileType = sourcecode.swift; lineEnding = 0; name = VRControllerSwift.swift; path = VRBoilerplate/VRControllerSwift.swift; sourceTree = "<group>"; xcLanguageSpecificationIdentifier = xcode.lang.swift; };
		E6D67C911CEE145900D9F9E9 /* VRControllerObjC.h */ = {isa = PBXFileReference; fileEncoding = 4; lastKnownFileType = sourcecode.c.h; lineEnding = 0; name = VRControllerObjC.h; path = VRBoilerplate/VRControllerObjC.h; sourceTree = "<group>"; xcLanguageSpecificationIdentifier = xcode.lang.objcpp; };
		E6D67C921CEE145900D9F9E9 /* VRControllerObjC.m */ = {isa = PBXFileReference; fileEncoding = 4; lastKnownFileType = sourcecode.c.objc; lineEnding = 0; name = VRControllerObjC.m; path = VRBoilerplate/VRControllerObjC.m; sourceTree = "<group>"; xcLanguageSpecificationIdentifier = xcode.lang.objc; };
		E6D67C941CEE14B900D9F9E9 /* README.md */ = {isa = PBXFileReference; fileEncoding = 4; lastKnownFileType = net.daringfireball.markdown; path = README.md; sourceTree = "<group>"; };
		E6D67C981CEF029200D9F9E9 /* VRControllerProtocol.h */ = {isa = PBXFileReference; lastKnownFileType = sourcecode.c.h; name = VRControllerProtocol.h; path = VRBoilerplate/VRControllerProtocol.h; sourceTree = "<group>"; };
		E6D67CF71CF0A59200D9F9E9 /* HeadTransformExtension.swift */ = {isa = PBXFileReference; fileEncoding = 4; lastKnownFileType = sourcecode.swift; name = HeadTransformExtension.swift; path = VRBoilerplate/HeadTransformExtension.swift; sourceTree = "<group>"; };
		E6D67CFA1CF2E4E900D9F9E9 /* LICENSE */ = {isa = PBXFileReference; fileEncoding = 4; lastKnownFileType = text; path = LICENSE; sourceTree = "<group>"; };
/* End PBXFileReference section */

/* Begin PBXFrameworksBuildPhase section */
		E6D67C6C1CEDA76A00D9F9E9 /* Frameworks */ = {
			isa = PBXFrameworksBuildPhase;
			buildActionMask = 2147483647;
			files = (
				3B99218952002C7B262CE70A /* libPods-VRBoilerplate.a in Frameworks */,
			);
			runOnlyForDeploymentPostprocessing = 0;
		};
/* End PBXFrameworksBuildPhase section */

/* Begin PBXGroup section */
		1358820BEBBC7FE8F6982A4A /* Frameworks */ = {
			isa = PBXGroup;
			children = (
				7B44388607F0E6A7429FE7AA /* libPods-VRBoilerplate.a */,
			);
			name = Frameworks;
			sourceTree = "<group>";
		};
		C92CB60442A62DCE6F24A5F9 /* Pods */ = {
			isa = PBXGroup;
			children = (
				760A4B47E60361A6E05DBC73 /* Pods-VRBoilerplate.debug.xcconfig */,
				016D3AC424AF5CD038D5B001 /* Pods-VRBoilerplate.release.xcconfig */,
			);
			name = Pods;
			sourceTree = "<group>";
		};
		E6D67C661CEDA76A00D9F9E9 = {
			isa = PBXGroup;
			children = (
				E6D67CFA1CF2E4E900D9F9E9 /* LICENSE */,
				E6D67C941CEE14B900D9F9E9 /* README.md */,
				E6D67C901CEE13F600D9F9E9 /* API */,
				E6D67CF91CF2452600D9F9E9 /* Helpers */,
				E6D67C8B1CEDFF7400D9F9E9 /* Examples */,
				E6D67C711CEDA76A00D9F9E9 /* VRBoilerplate */,
				E6D67C701CEDA76A00D9F9E9 /* Products */,
				C92CB60442A62DCE6F24A5F9 /* Pods */,
				1358820BEBBC7FE8F6982A4A /* Frameworks */,
			);
			sourceTree = "<group>";
		};
		E6D67C701CEDA76A00D9F9E9 /* Products */ = {
			isa = PBXGroup;
			children = (
				E6D67C6F1CEDA76A00D9F9E9 /* VRBoilerplate.app */,
			);
			name = Products;
			sourceTree = "<group>";
		};
		E6D67C711CEDA76A00D9F9E9 /* VRBoilerplate */ = {
			isa = PBXGroup;
			children = (
				E6D67C861CEDC76D00D9F9E9 /* VRBoilerplate-Bridging-Header.h */,
				E6D67C721CEDA76A00D9F9E9 /* AppDelegate.swift */,
				E6D67C741CEDA76A00D9F9E9 /* ViewController.swift */,
				E6D67C871CEDC87E00D9F9E9 /* RenderLoop.swift */,
				E6D67C841CEDC6C900D9F9E9 /* SceneKitVRRenderer.swift */,
				E6D67C791CEDA76A00D9F9E9 /* Assets.xcassets */,
				E6D67C7B1CEDA76A00D9F9E9 /* LaunchScreen.storyboard */,
				E6D67C7E1CEDA76A00D9F9E9 /* Info.plist */,
			);
			path = VRBoilerplate;
			sourceTree = "<group>";
		};
		E6D67C8B1CEDFF7400D9F9E9 /* Examples */ = {
			isa = PBXGroup;
			children = (
				E6D67C8C1CEDFF8300D9F9E9 /* VRControllerSwift.swift */,
				E6D67C911CEE145900D9F9E9 /* VRControllerObjC.h */,
				E6D67C921CEE145900D9F9E9 /* VRControllerObjC.m */,
			);
			name = Examples;
			sourceTree = "<group>";
		};
		E6D67C901CEE13F600D9F9E9 /* API */ = {
			isa = PBXGroup;
			children = (
				E6D67C981CEF029200D9F9E9 /* VRControllerProtocol.h */,
			);
			name = API;
			sourceTree = "<group>";
		};
		E6D67CF91CF2452600D9F9E9 /* Helpers */ = {
			isa = PBXGroup;
			children = (
				E6D67CF71CF0A59200D9F9E9 /* HeadTransformExtension.swift */,
			);
			name = Helpers;
			sourceTree = "<group>";
		};
/* End PBXGroup section */

/* Begin PBXNativeTarget section */
		E6D67C6E1CEDA76A00D9F9E9 /* VRBoilerplate */ = {
			isa = PBXNativeTarget;
			buildConfigurationList = E6D67C811CEDA76A00D9F9E9 /* Build configuration list for PBXNativeTarget "VRBoilerplate" */;
			buildPhases = (
				7DD142A9B15697709556CBED /* [CP] Check Pods Manifest.lock */,
				E6D67C6B1CEDA76A00D9F9E9 /* Sources */,
				E6D67C6C1CEDA76A00D9F9E9 /* Frameworks */,
				E6D67C6D1CEDA76A00D9F9E9 /* Resources */,
				368C24CBA48A47D126ACEBD8 /* [CP] Embed Pods Frameworks */,
				95C58F8F614C4095041D9D1F /* [CP] Copy Pods Resources */,
			);
			buildRules = (
			);
			dependencies = (
			);
			name = VRBoilerplate;
			productName = VRBoilerplate;
			productReference = E6D67C6F1CEDA76A00D9F9E9 /* VRBoilerplate.app */;
			productType = "com.apple.product-type.application";
		};
/* End PBXNativeTarget section */

/* Begin PBXProject section */
		E6D67C671CEDA76A00D9F9E9 /* Project object */ = {
			isa = PBXProject;
			attributes = {
				LastSwiftUpdateCheck = 0730;
				LastUpgradeCheck = 0730;
				ORGANIZATIONNAME = "Andrian Budantsov";
				TargetAttributes = {
					E6D67C6E1CEDA76A00D9F9E9 = {
						CreatedOnToolsVersion = 7.3.1;
						LastSwiftMigration = 0820;
					};
				};
			};
			buildConfigurationList = E6D67C6A1CEDA76A00D9F9E9 /* Build configuration list for PBXProject "VRBoilerplate" */;
			compatibilityVersion = "Xcode 3.2";
			developmentRegion = English;
			hasScannedForEncodings = 0;
			knownRegions = (
				en,
				Base,
			);
			mainGroup = E6D67C661CEDA76A00D9F9E9;
			productRefGroup = E6D67C701CEDA76A00D9F9E9 /* Products */;
			projectDirPath = "";
			projectRoot = "";
			targets = (
				E6D67C6E1CEDA76A00D9F9E9 /* VRBoilerplate */,
			);
		};
/* End PBXProject section */

/* Begin PBXResourcesBuildPhase section */
		E6D67C6D1CEDA76A00D9F9E9 /* Resources */ = {
			isa = PBXResourcesBuildPhase;
			buildActionMask = 2147483647;
			files = (
				E6D67C7D1CEDA76A00D9F9E9 /* LaunchScreen.storyboard in Resources */,
				E6D67CFB1CF2E4E900D9F9E9 /* LICENSE in Resources */,
				E6D67C7A1CEDA76A00D9F9E9 /* Assets.xcassets in Resources */,
			);
			runOnlyForDeploymentPostprocessing = 0;
		};
/* End PBXResourcesBuildPhase section */

/* Begin PBXShellScriptBuildPhase section */
		368C24CBA48A47D126ACEBD8 /* [CP] Embed Pods Frameworks */ = {
			isa = PBXShellScriptBuildPhase;
			buildActionMask = 2147483647;
			files = (
			);
			inputPaths = (
			);
			name = "[CP] Embed Pods Frameworks";
			outputPaths = (
			);
			runOnlyForDeploymentPostprocessing = 0;
			shellPath = /bin/sh;
			shellScript = "\"${SRCROOT}/Pods/Target Support Files/Pods-VRBoilerplate/Pods-VRBoilerplate-frameworks.sh\"\n";
			showEnvVarsInLog = 0;
		};
		7DD142A9B15697709556CBED /* [CP] Check Pods Manifest.lock */ = {
			isa = PBXShellScriptBuildPhase;
			buildActionMask = 2147483647;
			files = (
			);
			inputPaths = (
			);
			name = "[CP] Check Pods Manifest.lock";
			outputPaths = (
			);
			runOnlyForDeploymentPostprocessing = 0;
			shellPath = /bin/sh;
			shellScript = "diff \"${PODS_ROOT}/../Podfile.lock\" \"${PODS_ROOT}/Manifest.lock\" > /dev/null\nif [ $? != 0 ] ; then\n    # print error to STDERR\n    echo \"error: The sandbox is not in sync with the Podfile.lock. Run 'pod install' or update your CocoaPods installation.\" >&2\n    exit 1\nfi\n";
			showEnvVarsInLog = 0;
		};
		95C58F8F614C4095041D9D1F /* [CP] Copy Pods Resources */ = {
			isa = PBXShellScriptBuildPhase;
			buildActionMask = 2147483647;
			files = (
			);
			inputPaths = (
			);
			name = "[CP] Copy Pods Resources";
			outputPaths = (
			);
			runOnlyForDeploymentPostprocessing = 0;
			shellPath = /bin/sh;
			shellScript = "\"${SRCROOT}/Pods/Target Support Files/Pods-VRBoilerplate/Pods-VRBoilerplate-resources.sh\"\n";
			showEnvVarsInLog = 0;
		};
/* End PBXShellScriptBuildPhase section */

/* Begin PBXSourcesBuildPhase section */
		E6D67C6B1CEDA76A00D9F9E9 /* Sources */ = {
			isa = PBXSourcesBuildPhase;
			buildActionMask = 2147483647;
			files = (
				E6D67C851CEDC6C900D9F9E9 /* SceneKitVRRenderer.swift in Sources */,
				E6D67C8D1CEDFF8300D9F9E9 /* VRControllerSwift.swift in Sources */,
				E6D67CF81CF0A59200D9F9E9 /* HeadTransformExtension.swift in Sources */,
				E6D67C931CEE145900D9F9E9 /* VRControllerObjC.m in Sources */,
				E6D67C881CEDC87E00D9F9E9 /* RenderLoop.swift in Sources */,
				E6D67C751CEDA76A00D9F9E9 /* ViewController.swift in Sources */,
				E6D67C731CEDA76A00D9F9E9 /* AppDelegate.swift in Sources */,
			);
			runOnlyForDeploymentPostprocessing = 0;
		};
/* End PBXSourcesBuildPhase section */

/* Begin PBXVariantGroup section */
		E6D67C7B1CEDA76A00D9F9E9 /* LaunchScreen.storyboard */ = {
			isa = PBXVariantGroup;
			children = (
				E6D67C7C1CEDA76A00D9F9E9 /* Base */,
			);
			name = LaunchScreen.storyboard;
			sourceTree = "<group>";
		};
/* End PBXVariantGroup section */

/* Begin XCBuildConfiguration section */
		E6D67C7F1CEDA76A00D9F9E9 /* Debug */ = {
			isa = XCBuildConfiguration;
			buildSettings = {
				ALWAYS_SEARCH_USER_PATHS = NO;
				CLANG_ANALYZER_NONNULL = YES;
				CLANG_CXX_LANGUAGE_STANDARD = "gnu++0x";
				CLANG_CXX_LIBRARY = "libc++";
				CLANG_ENABLE_MODULES = YES;
				CLANG_ENABLE_OBJC_ARC = YES;
				CLANG_WARN_BOOL_CONVERSION = YES;
				CLANG_WARN_CONSTANT_CONVERSION = YES;
				CLANG_WARN_DIRECT_OBJC_ISA_USAGE = YES_ERROR;
				CLANG_WARN_EMPTY_BODY = YES;
				CLANG_WARN_ENUM_CONVERSION = YES;
				CLANG_WARN_INT_CONVERSION = YES;
				CLANG_WARN_OBJC_ROOT_CLASS = YES_ERROR;
				CLANG_WARN_UNREACHABLE_CODE = YES;
				CLANG_WARN__DUPLICATE_METHOD_MATCH = YES;
				"CODE_SIGN_IDENTITY[sdk=iphoneos*]" = "iPhone Developer";
				COPY_PHASE_STRIP = NO;
				DEBUG_INFORMATION_FORMAT = dwarf;
				ENABLE_STRICT_OBJC_MSGSEND = YES;
				ENABLE_TESTABILITY = YES;
				GCC_C_LANGUAGE_STANDARD = gnu99;
				GCC_DYNAMIC_NO_PIC = NO;
				GCC_NO_COMMON_BLOCKS = YES;
				GCC_OPTIMIZATION_LEVEL = 0;
				GCC_PREPROCESSOR_DEFINITIONS = (
					"DEBUG=1",
					"$(inherited)",
				);
				GCC_WARN_64_TO_32_BIT_CONVERSION = YES;
				GCC_WARN_ABOUT_RETURN_TYPE = YES_ERROR;
				GCC_WARN_UNDECLARED_SELECTOR = YES;
				GCC_WARN_UNINITIALIZED_AUTOS = YES_AGGRESSIVE;
				GCC_WARN_UNUSED_FUNCTION = YES;
				GCC_WARN_UNUSED_VARIABLE = YES;
				IPHONEOS_DEPLOYMENT_TARGET = 9.3;
				MTL_ENABLE_DEBUG_INFO = YES;
				ONLY_ACTIVE_ARCH = YES;
				SDKROOT = iphoneos;
				SWIFT_OPTIMIZATION_LEVEL = "-Onone";
			};
			name = Debug;
		};
		E6D67C801CEDA76A00D9F9E9 /* Release */ = {
			isa = XCBuildConfiguration;
			buildSettings = {
				ALWAYS_SEARCH_USER_PATHS = NO;
				CLANG_ANALYZER_NONNULL = YES;
				CLANG_CXX_LANGUAGE_STANDARD = "gnu++0x";
				CLANG_CXX_LIBRARY = "libc++";
				CLANG_ENABLE_MODULES = YES;
				CLANG_ENABLE_OBJC_ARC = YES;
				CLANG_WARN_BOOL_CONVERSION = YES;
				CLANG_WARN_CONSTANT_CONVERSION = YES;
				CLANG_WARN_DIRECT_OBJC_ISA_USAGE = YES_ERROR;
				CLANG_WARN_EMPTY_BODY = YES;
				CLANG_WARN_ENUM_CONVERSION = YES;
				CLANG_WARN_INT_CONVERSION = YES;
				CLANG_WARN_OBJC_ROOT_CLASS = YES_ERROR;
				CLANG_WARN_UNREACHABLE_CODE = YES;
				CLANG_WARN__DUPLICATE_METHOD_MATCH = YES;
				"CODE_SIGN_IDENTITY[sdk=iphoneos*]" = "iPhone Developer";
				COPY_PHASE_STRIP = NO;
				DEBUG_INFORMATION_FORMAT = "dwarf-with-dsym";
				ENABLE_NS_ASSERTIONS = NO;
				ENABLE_STRICT_OBJC_MSGSEND = YES;
				GCC_C_LANGUAGE_STANDARD = gnu99;
				GCC_NO_COMMON_BLOCKS = YES;
				GCC_WARN_64_TO_32_BIT_CONVERSION = YES;
				GCC_WARN_ABOUT_RETURN_TYPE = YES_ERROR;
				GCC_WARN_UNDECLARED_SELECTOR = YES;
				GCC_WARN_UNINITIALIZED_AUTOS = YES_AGGRESSIVE;
				GCC_WARN_UNUSED_FUNCTION = YES;
				GCC_WARN_UNUSED_VARIABLE = YES;
				IPHONEOS_DEPLOYMENT_TARGET = 9.3;
				MTL_ENABLE_DEBUG_INFO = NO;
				SDKROOT = iphoneos;
				VALIDATE_PRODUCT = YES;
			};
			name = Release;
		};
		E6D67C821CEDA76A00D9F9E9 /* Debug */ = {
			isa = XCBuildConfiguration;
			baseConfigurationReference = 760A4B47E60361A6E05DBC73 /* Pods-VRBoilerplate.debug.xcconfig */;
			buildSettings = {
				ASSETCATALOG_COMPILER_APPICON_NAME = AppIcon;
				ENABLE_BITCODE = NO;
				INFOPLIST_FILE = VRBoilerplate/Info.plist;
				IPHONEOS_DEPLOYMENT_TARGET = 9.3;
				LD_RUNPATH_SEARCH_PATHS = "$(inherited) @executable_path/Frameworks";
				PRODUCT_BUNDLE_IDENTIFIER = ua.aab.VRBoilerplate;
				PRODUCT_NAME = "$(TARGET_NAME)";
				SWIFT_OBJC_BRIDGING_HEADER = "VRBoilerplate/VRBoilerplate-Bridging-Header.h";
				SWIFT_VERSION = 3.0;
			};
			name = Debug;
		};
		E6D67C831CEDA76A00D9F9E9 /* Release */ = {
			isa = XCBuildConfiguration;
			baseConfigurationReference = 016D3AC424AF5CD038D5B001 /* Pods-VRBoilerplate.release.xcconfig */;
			buildSettings = {
				ASSETCATALOG_COMPILER_APPICON_NAME = AppIcon;
				ENABLE_BITCODE = NO;
				INFOPLIST_FILE = VRBoilerplate/Info.plist;
				IPHONEOS_DEPLOYMENT_TARGET = 9.3;
				LD_RUNPATH_SEARCH_PATHS = "$(inherited) @executable_path/Frameworks";
				PRODUCT_BUNDLE_IDENTIFIER = ua.aab.VRBoilerplate;
				PRODUCT_NAME = "$(TARGET_NAME)";
				SWIFT_OBJC_BRIDGING_HEADER = "VRBoilerplate/VRBoilerplate-Bridging-Header.h";
				SWIFT_VERSION = 3.0;
			};
			name = Release;
		};
/* End XCBuildConfiguration section */

/* Begin XCConfigurationList section */
		E6D67C6A1CEDA76A00D9F9E9 /* Build configuration list for PBXProject "VRBoilerplate" */ = {
			isa = XCConfigurationList;
			buildConfigurations = (
				E6D67C7F1CEDA76A00D9F9E9 /* Debug */,
				E6D67C801CEDA76A00D9F9E9 /* Release */,
			);
			defaultConfigurationIsVisible = 0;
			defaultConfigurationName = Release;
		};
		E6D67C811CEDA76A00D9F9E9 /* Build configuration list for PBXNativeTarget "VRBoilerplate" */ = {
			isa = XCConfigurationList;
			buildConfigurations = (
				E6D67C821CEDA76A00D9F9E9 /* Debug */,
				E6D67C831CEDA76A00D9F9E9 /* Release */,
			);
			defaultConfigurationIsVisible = 0;
			defaultConfigurationName = Release;
		};
/* End XCConfigurationList section */
	};
	rootObject = E6D67C671CEDA76A00D9F9E9 /* Project object */;
}
